
Microsoft Visual Studio Solution File, Format Version 12.00
# Visual Studio 15
VisualStudioVersion = 15.0.26430.12
MinimumVisualStudioVersion = 10.0.40219.1
Project("{9A19103F-16F7-4668-BE54-9A1E7A4F7556}") = "WebCaptureBasic", "WebCaptureBasic\WebCaptureBasic.csproj", "{A8F0FE48-7649-468E-9640-3DF5AA73FE0D}"
EndProject
Project("{9A19103F-16F7-4668-BE54-9A1E7A4F7556}") = "WebDocumentViewerBasic", "WebDocumentViewerBasic\WebDocumentViewerBasic.csproj", "{4A8D1D34-A732-4A99-A5D5-17D205A6E580}"
EndProject
Project("{9A19103F-16F7-4668-BE54-9A1E7A4F7556}") = "WebDocumentViewerCors", "WebDocumentViewerCors\WebDocumentViewerCors.csproj", "{344B605E-430C-444E-BF9A-44AE16B2E5E5}"
EndProject
Project("{9A19103F-16F7-4668-BE54-9A1E7A4F7556}") = "WebCaptureWithAppend", "WebCaptureWithAppend\WebCaptureWithAppend.csproj", "{8D75FA97-C446-4C16-A1AE-3614BBBFE41D}"
EndProject
Global
	GlobalSection(SolutionConfigurationPlatforms) = preSolution
		Debug|Any CPU = Debug|Any CPU
		Release|Any CPU = Release|Any CPU
	EndGlobalSection
	GlobalSection(ProjectConfigurationPlatforms) = postSolution
		{A8F0FE48-7649-468E-9640-3DF5AA73FE0D}.Debug|Any CPU.ActiveCfg = Debug|Any CPU
		{A8F0FE48-7649-468E-9640-3DF5AA73FE0D}.Debug|Any CPU.Build.0 = Debug|Any CPU
		{A8F0FE48-7649-468E-9640-3DF5AA73FE0D}.Release|Any CPU.ActiveCfg = Release|Any CPU
		{A8F0FE48-7649-468E-9640-3DF5AA73FE0D}.Release|Any CPU.Build.0 = Release|Any CPU
		{4A8D1D34-A732-4A99-A5D5-17D205A6E580}.Debug|Any CPU.ActiveCfg = Debug|Any CPU
		{4A8D1D34-A732-4A99-A5D5-17D205A6E580}.Debug|Any CPU.Build.0 = Debug|Any CPU
		{4A8D1D34-A732-4A99-A5D5-17D205A6E580}.Release|Any CPU.ActiveCfg = Release|Any CPU
		{4A8D1D34-A732-4A99-A5D5-17D205A6E580}.Release|Any CPU.Build.0 = Release|Any CPU
		{344B605E-430C-444E-BF9A-44AE16B2E5E5}.Debug|Any CPU.ActiveCfg = Debug|Any CPU
		{344B605E-430C-444E-BF9A-44AE16B2E5E5}.Debug|Any CPU.Build.0 = Debug|Any CPU
		{344B605E-430C-444E-BF9A-44AE16B2E5E5}.Release|Any CPU.ActiveCfg = Release|Any CPU
		{344B605E-430C-444E-BF9A-44AE16B2E5E5}.Release|Any CPU.Build.0 = Release|Any CPU
		{8D75FA97-C446-4C16-A1AE-3614BBBFE41D}.Debug|Any CPU.ActiveCfg = Debug|Any CPU
		{8D75FA97-C446-4C16-A1AE-3614BBBFE41D}.Debug|Any CPU.Build.0 = Debug|Any CPU
		{8D75FA97-C446-4C16-A1AE-3614BBBFE41D}.Release|Any CPU.ActiveCfg = Release|Any CPU
		{8D75FA97-C446-4C16-A1AE-3614BBBFE41D}.Release|Any CPU.Build.0 = Release|Any CPU
	EndGlobalSection
	GlobalSection(SolutionProperties) = preSolution
		HideSolutionNode = FALSE
	EndGlobalSection
	GlobalSection(ExtensibilityGlobals) = postSolution
		SolutionGuid = {F934D38C-51D0-4749-A072-F40417F510F0}
	EndGlobalSection
EndGlobal
